{
  "name": "@docsy/theme",
  "version": "0.17.1-dev",
  "lockfileVersion": 3,
  "requires": true,
  "packages": {
    "": {
      "name": "@docsy/theme",
      "version": "0.17.1-dev",
      "license": "Apache-2.0",
      "dependencies": {
        "@alpinejs/csp": "3.16.3",
        "@fortawesome/fontawesome-free": "7.3.1",
        "bootstrap": "5.3.8"
      },
      "bin": {
        "gen-favicons": "scripts/gen-favicons/cli.mjs"
      }
    },
    "node_modules/@alpinejs/csp": {
      "version": "3.16.3",
      "resolved": "https://registry.npmjs.org/@alpinejs/csp/-/csp-3.16.3.tgz",
      "integrity": "sha512-eqz6rpWDXuJOGp3YvsXQqZljjBz7ZWAkEmJUt3zTJyK9SEjUcInfOx7sRLzEUlrU+o9r2UhxCVhFBc5eJAUMdA==",
      "license": "MIT",
      "dependencies": {
        "@vue/reactivity": "~3.5.40"
      }
    },
    "node_modules/@fortawesome/fontawesome-free": {
      "version": "7.3.1",
      "resolved": "https://registry.npmjs.org/@fortawesome/fontawesome-free/-/fontawesome-free-7.3.1.tgz",
      "integrity": "sha512-wmglKKPDIkgV3aWlZzWECCPoGIkYCulzBwxG9+w7rc5BGapZ6cPMpoPOT8k36J0Ni7PPX6c/rsoMWfS4d1MUMg==",
      "license": "(CC-BY-4.0 AND OFL-1.1 AND MIT)",
      "engines": {
        "node": ">=6"
      }
    },
    "node_modules/@popperjs/core": {
      "version": "2.11.8",
      "resolved": "https://registry.npmjs.org/@popperjs/core/-/core-2.11.8.tgz",
      "integrity": "sha512-P1st0aksCrn9sGZhp8GMYwBnQsbvAWsZAX44oXNNvLHGqAOcoVxmjZiohstwQ7SqKnbR47akdNi+uleWD8+g6A==",
      "license": "MIT",
      "peer": true,
      "funding": {
        "type": "opencollective",
        "url": "https://opencollective.com/popperjs"
      }
    },
    "node_modules/@vue/reactivity": {
      "version": "3.5.41",
      "resolved": "https://registry.npmjs.org/@vue/reactivity/-/reactivity-3.5.41.tgz",
      "integrity": "sha512-rznsqKM0np0x18EjzF8x88MpEhdNsffbvFbckLL5+oUKz1BxAImEmO7J1ArRYSyo6aQaVoBDp7jEkT91OOxydA==",
      "license": "MIT",
      "dependencies": {
        "@vue/shared": "3.5.41"
      }
    },
    "node_modules/@vue/shared": {
      "version": "3.5.41",
      "resolved": "https://registry.npmjs.org/@vue/shared/-/shared-3.5.41.tgz",
      "integrity": "sha512-IOnwSCma8j+9xJT6b8H0dEYidC80NsYmNMlZxRsukYcSoGaDBohog5hDxzeUXdFeGWFA++vWvxqOmrr96VlqMA==",
      "license": "MIT"
    },
    "node_modules/bootstrap": {
      "version": "5.3.8",
      "resolved": "https://registry.npmjs.org/bootstrap/-/bootstrap-5.3.8.tgz",
      "integrity": "sha512-HP1SZDqaLDPwsNiqRqi5NcP0SSXciX2s9E+RyqJIIqGo+vJeN5AJVM98CXmW/Wux0nQ5L7jeWUdplCEf0Ee+tg==",
      "funding": [
        {
          "type": "github",
          "url": "https://github.com/sponsors/twbs"
        },
        {
          "type": "opencollective",
          "url": "https://opencollective.com/bootstrap"
        }
      ],
      "license": "MIT",
      "peerDependencies": {
        "@popperjs/core": "^2.11.8"
      }
    }
  }
}
